
Microsoft Visual Studio Solution File, Format Version 12.00
# Visual Studio Version 17
VisualStudioVersion = 17.11.35327.3
MinimumVisualStudioVersion = 10.0.40219.1
Project("{FAE04EC0-301F-11D3-BF4B-00C04F79EFBC}") = "Calculator", "Calculator.csproj", "{359C25EB-15C6-4C29-8BBB-3FF40C877D8A}"
EndProject
Global
	GlobalSection(SolutionConfigurationPlatforms) = preSolution
		Debug|Any CPU = Debug|Any CPU
		Release|Any CPU = Release|Any CPU
	EndGlobalSection
	GlobalSection(ProjectConfigurationPlatforms) = postSolution
		{359C25EB-15C6-4C29-8BBB-3FF40C877D8A}.Debug|Any CPU.ActiveCfg = Debug|Any CPU
		{359C25EB-15C6-4C29-8BBB-3FF40C877D8A}.Debug|Any CPU.Build.0 = Debug|Any CPU
		{359C25EB-15C6-4C29-8BBB-3FF40C877D8A}.Release|Any CPU.ActiveCfg = Release|Any CPU
		{359C25EB-15C6-4C29-8BBB-3FF40C877D8A}.Release|Any CPU.Build.0 = Release|Any CPU
	EndGlobalSection
	GlobalSection(SolutionProperties) = preSolution
		HideSolutionNode = FALSE
	EndGlobalSection
	GlobalSection(ExtensibilityGlobals) = postSolution
		SolutionGuid = {DF0A90E1-CF38-4F56-9EDF-0AB879AE97DD}
	EndGlobalSection
EndGlobal
